
Microsoft Visual Studio Solution File, Format Version 12.00
# Visual Studio Version 16
VisualStudioVersion = 16.0.29905.134
MinimumVisualStudioVersion = 10.0.40219.1
Project("{F2A71F9B-5D33-465A-A702-920D77279786}") = "test10_04_F-lang", "test10_04_F-lang.fsproj", "{AEDCE815-1630-40CF-B32D-E5DB9FBA53DD}"
EndProject
Global
	GlobalSection(SolutionConfigurationPlatforms) = preSolution
		Debug|Any CPU = Debug|Any CPU
		Release|Any CPU = Release|Any CPU
	EndGlobalSection
	GlobalSection(ProjectConfigurationPlatforms) = postSolution
		{AEDCE815-1630-40CF-B32D-E5DB9FBA53DD}.Debug|Any CPU.ActiveCfg = Debug|Any CPU
		{AEDCE815-1630-40CF-B32D-E5DB9FBA53DD}.Debug|Any CPU.Build.0 = Debug|Any CPU
		{AEDCE815-1630-40CF-B32D-E5DB9FBA53DD}.Release|Any CPU.ActiveCfg = Release|Any CPU
		{AEDCE815-1630-40CF-B32D-E5DB9FBA53DD}.Release|Any CPU.Build.0 = Release|Any CPU
	EndGlobalSection
	GlobalSection(SolutionProperties) = preSolution
		HideSolutionNode = FALSE
	EndGlobalSection
	GlobalSection(ExtensibilityGlobals) = postSolution
		SolutionGuid = {0F9157B6-C500-4AA8-83C7-C5DEDF0089D2}
	EndGlobalSection
EndGlobal
